
Microsoft Visual Studio Solution File, Format Version 12.00
# Visual Studio Version 17
VisualStudioVersion = 17.0.31903.59
MinimumVisualStudioVersion = 10.0.40219.1
Project("{2150E333-8FDC-42A3-9474-1A3956D46DE8}") = "src", "src", "{827E0CD3-B72D-47B6-A68D-7590B98EB39B}"
EndProject
Project("{FAE04EC0-301F-11D3-BF4B-00C04F79EFBC}") = "SkopiStation.Domain", "src\SkopiStation.Domain\SkopiStation.Domain.csproj", "{0859E5B1-A0DC-4D35-9FD9-CB0D9FF2A8A0}"
EndProject
Project("{FAE04EC0-301F-11D3-BF4B-00C04F79EFBC}") = "SkopiStation.Data", "src\SkopiStation.Data\SkopiStation.Data.csproj", "{B4FC40FB-86E4-4B1D-9DBA-27C0949DCEB8}"
EndProject
Project("{FAE04EC0-301F-11D3-BF4B-00C04F79EFBC}") = "SkopiStation.App", "src\SkopiStation.App\SkopiStation.App.csproj", "{95AF727F-7003-45A6-818E-F8D6E4553827}"
EndProject
Project("{2150E333-8FDC-42A3-9474-1A3956D46DE8}") = "tests", "tests", "{C33C2FF4-9544-4A4B-B879-3AE5AF2275A1}"
EndProject
Project("{FAE04EC0-301F-11D3-BF4B-00C04F79EFBC}") = "SkopiStation.Tests", "tests\SkopiStation.Tests\SkopiStation.Tests.csproj", "{ECCBB239-86FD-460F-812B-31BEB1428390}"
EndProject
Global
	GlobalSection(SolutionConfigurationPlatforms) = preSolution
		Debug|Any CPU = Debug|Any CPU
		Debug|x64 = Debug|x64
		Debug|x86 = Debug|x86
		Release|Any CPU = Release|Any CPU
		Release|x64 = Release|x64
		Release|x86 = Release|x86
	EndGlobalSection
	GlobalSection(ProjectConfigurationPlatforms) = postSolution
		{0859E5B1-A0DC-4D35-9FD9-CB0D9FF2A8A0}.Debug|Any CPU.ActiveCfg = Debug|Any CPU
		{0859E5B1-A0DC-4D35-9FD9-CB0D9FF2A8A0}.Debug|Any CPU.Build.0 = Debug|Any CPU
		{0859E5B1-A0DC-4D35-9FD9-CB0D9FF2A8A0}.Debug|x64.ActiveCfg = Debug|Any CPU
		{0859E5B1-A0DC-4D35-9FD9-CB0D9FF2A8A0}.Debug|x64.Build.0 = Debug|Any CPU
		{0859E5B1-A0DC-4D35-9FD9-CB0D9FF2A8A0}.Debug|x86.ActiveCfg = Debug|Any CPU
		{0859E5B1-A0DC-4D35-9FD9-CB0D9FF2A8A0}.Debug|x86.Build.0 = Debug|Any CPU
		{0859E5B1-A0DC-4D35-9FD9-CB0D9FF2A8A0}.Release|Any CPU.ActiveCfg = Release|Any CPU
		{0859E5B1-A0DC-4D35-9FD9-CB0D9FF2A8A0}.Release|Any CPU.Build.0 = Release|Any CPU
		{0859E5B1-A0DC-4D35-9FD9-CB0D9FF2A8A0}.Release|x64.ActiveCfg = Release|Any CPU
		{0859E5B1-A0DC-4D35-9FD9-CB0D9FF2A8A0}.Release|x64.Build.0 = Release|Any CPU
		{0859E5B1-A0DC-4D35-9FD9-CB0D9FF2A8A0}.Release|x86.ActiveCfg = Release|Any CPU
		{0859E5B1-A0DC-4D35-9FD9-CB0D9FF2A8A0}.Release|x86.Build.0 = Release|Any CPU
		{B4FC40FB-86E4-4B1D-9DBA-27C0949DCEB8}.Debug|Any CPU.ActiveCfg = Debug|Any CPU
		{B4FC40FB-86E4-4B1D-9DBA-27C0949DCEB8}.Debug|Any CPU.Build.0 = Debug|Any CPU
		{B4FC40FB-86E4-4B1D-9DBA-27C0949DCEB8}.Debug|x64.ActiveCfg = Debug|Any CPU
		{B4FC40FB-86E4-4B1D-9DBA-27C0949DCEB8}.Debug|x64.Build.0 = Debug|Any CPU
		{B4FC40FB-86E4-4B1D-9DBA-27C0949DCEB8}.Debug|x86.ActiveCfg = Debug|Any CPU
		{B4FC40FB-86E4-4B1D-9DBA-27C0949DCEB8}.Debug|x86.Build.0 = Debug|Any CPU
		{B4FC40FB-86E4-4B1D-9DBA-27C0949DCEB8}.Release|Any CPU.ActiveCfg = Release|Any CPU
		{B4FC40FB-86E4-4B1D-9DBA-27C0949DCEB8}.Release|Any CPU.Build.0 = Release|Any CPU
		{B4FC40FB-86E4-4B1D-9DBA-27C0949DCEB8}.Release|x64.ActiveCfg = Release|Any CPU
		{B4FC40FB-86E4-4B1D-9DBA-27C0949DCEB8}.Release|x64.Build.0 = Release|Any CPU
		{B4FC40FB-86E4-4B1D-9DBA-27C0949DCEB8}.Release|x86.ActiveCfg = Release|Any CPU
		{B4FC40FB-86E4-4B1D-9DBA-27C0949DCEB8}.Release|x86.Build.0 = Release|Any CPU
		{95AF727F-7003-45A6-818E-F8D6E4553827}.Debug|Any CPU.ActiveCfg = Debug|Any CPU
		{95AF727F-7003-45A6-818E-F8D6E4553827}.Debug|Any CPU.Build.0 = Debug|Any CPU
		{95AF727F-7003-45A6-818E-F8D6E4553827}.Debug|x64.ActiveCfg = Debug|Any CPU
		{95AF727F-7003-45A6-818E-F8D6E4553827}.Debug|x64.Build.0 = Debug|Any CPU
		{95AF727F-7003-45A6-818E-F8D6E4553827}.Debug|x86.ActiveCfg = Debug|Any CPU
		{95AF727F-7003-45A6-818E-F8D6E4553827}.Debug|x86.Build.0 = Debug|Any CPU
		{95AF727F-7003-45A6-818E-F8D6E4553827}.Release|Any CPU.ActiveCfg = Release|Any CPU
		{95AF727F-7003-45A6-818E-F8D6E4553827}.Release|Any CPU.Build.0 = Release|Any CPU
		{95AF727F-7003-45A6-818E-F8D6E4553827}.Release|x64.ActiveCfg = Release|Any CPU
		{95AF727F-7003-45A6-818E-F8D6E4553827}.Release|x64.Build.0 = Release|Any CPU
		{95AF727F-7003-45A6-818E-F8D6E4553827}.Release|x86.ActiveCfg = Release|Any CPU
		{95AF727F-7003-45A6-818E-F8D6E4553827}.Release|x86.Build.0 = Release|Any CPU
		{ECCBB239-86FD-460F-812B-31BEB1428390}.Debug|Any CPU.ActiveCfg = Debug|Any CPU
		{ECCBB239-86FD-460F-812B-31BEB1428390}.Debug|Any CPU.Build.0 = Debug|Any CPU
		{ECCBB239-86FD-460F-812B-31BEB1428390}.Debug|x64.ActiveCfg = Debug|Any CPU
		{ECCBB239-86FD-460F-812B-31BEB1428390}.Debug|x64.Build.0 = Debug|Any CPU
		{ECCBB239-86FD-460F-812B-31BEB1428390}.Debug|x86.ActiveCfg = Debug|Any CPU
		{ECCBB239-86FD-460F-812B-31BEB1428390}.Debug|x86.Build.0 = Debug|Any CPU
		{ECCBB239-86FD-460F-812B-31BEB1428390}.Release|Any CPU.ActiveCfg = Release|Any CPU
		{ECCBB239-86FD-460F-812B-31BEB1428390}.Release|Any CPU.Build.0 = Release|Any CPU
		{ECCBB239-86FD-460F-812B-31BEB1428390}.Release|x64.ActiveCfg = Release|Any CPU
		{ECCBB239-86FD-460F-812B-31BEB1428390}.Release|x64.Build.0 = Release|Any CPU
		{ECCBB239-86FD-460F-812B-31BEB1428390}.Release|x86.ActiveCfg = Release|Any CPU
		{ECCBB239-86FD-460F-812B-31BEB1428390}.Release|x86.Build.0 = Release|Any CPU
	EndGlobalSection
	GlobalSection(SolutionProperties) = preSolution
		HideSolutionNode = FALSE
	EndGlobalSection
	GlobalSection(NestedProjects) = preSolution
		{0859E5B1-A0DC-4D35-9FD9-CB0D9FF2A8A0} = {827E0CD3-B72D-47B6-A68D-7590B98EB39B}
		{B4FC40FB-86E4-4B1D-9DBA-27C0949DCEB8} = {827E0CD3-B72D-47B6-A68D-7590B98EB39B}
		{95AF727F-7003-45A6-818E-F8D6E4553827} = {827E0CD3-B72D-47B6-A68D-7590B98EB39B}
		{ECCBB239-86FD-460F-812B-31BEB1428390} = {C33C2FF4-9544-4A4B-B879-3AE5AF2275A1}
	EndGlobalSection
EndGlobal
